// !$*UTF8*$!
{
	archiveVersion = 1;
	classes = {
	};
	objectVersion = 50;
	objects = {

/* Begin PBXBuildFile section */
		17D62F1124CDD46700BF9CBD /* UseObservedObjectWithParameterApp.swift in Sources */ = {isa = PBXBuildFile; fileRef = 17D62EFE24CDD46600BF9CBD /* UseObservedObjectWithParameterApp.swift */; };
		17D62F1224CDD46700BF9CBD /* UseObservedObjectWithParameterApp.swift in Sources */ = {isa = PBXBuildFile; fileRef = 17D62EFE24CDD46600BF9CBD /* UseObservedObjectWithParameterApp.swift */; };
		17D62F1324CDD46700BF9CBD /* ContentView.swift in Sources */ = {isa = PBXBuildFile; fileRef = 17D62EFF24CDD46600BF9CBD /* ContentView.swift */; };
		17D62F1424CDD46700BF9CBD /* ContentView.swift in Sources */ = {isa = PBXBuildFile; fileRef = 17D62EFF24CDD46600BF9CBD /* ContentView.swift */; };
		17D62F1524CDD46700BF9CBD /* Assets.xcassets in Resources */ = {isa = PBXBuildFile; fileRef = 17D62F0024CDD46700BF9CBD /* Assets.xcassets */; };
		17D62F1624CDD46700BF9CBD /* Assets.xcassets in Resources */ = {isa = PBXBuildFile; fileRef = 17D62F0024CDD46700BF9CBD /* Assets.xcassets */; };
		17D62F2124CDD48500BF9CBD /* InnerObject.swift in Sources */ = {isa = PBXBuildFile; fileRef = 17D62F1F24CDD48500BF9CBD /* InnerObject.swift */; };
		17D62F2224CDD48500BF9CBD /* InnerObject.swift in Sources */ = {isa = PBXBuildFile; fileRef = 17D62F1F24CDD48500BF9CBD /* InnerObject.swift */; };
		17D62F2324CDD48500BF9CBD /* FooManager.swift in Sources */ = {isa = PBXBuildFile; fileRef = 17D62F2024CDD48500BF9CBD /* FooManager.swift */; };
		17D62F2424CDD48500BF9CBD /* FooManager.swift in Sources */ = {isa = PBXBuildFile; fileRef = 17D62F2024CDD48500BF9CBD /* FooManager.swift */; };
/* End PBXBuildFile section */

/* Begin PBXFileReference section */
		17D62EFE24CDD46600BF9CBD /* UseObservedObjectWithParameterApp.swift */ = {isa = PBXFileReference; lastKnownFileType = sourcecode.swift; path = UseObservedObjectWithParameterApp.swift; sourceTree = "<group>"; };
		17D62EFF24CDD46600BF9CBD /* ContentView.swift */ = {isa = PBXFileReference; lastKnownFileType = sourcecode.swift; path = ContentView.swift; sourceTree = "<group>"; };
		17D62F0024CDD46700BF9CBD /* Assets.xcassets */ = {isa = PBXFileReference; lastKnownFileType = folder.assetcatalog; path = Assets.xcassets; sourceTree = "<group>"; };
		17D62F0524CDD46700BF9CBD /* UseObservedObjectWithParameter.app */ = {isa = PBXFileReference; explicitFileType = wrapper.application; includeInIndex = 0; path = UseObservedObjectWithParameter.app; sourceTree = BUILT_PRODUCTS_DIR; };
		17D62F0824CDD46700BF9CBD /* Info.plist */ = {isa = PBXFileReference; lastKnownFileType = text.plist.xml; path = Info.plist; sourceTree = "<group>"; };
		17D62F0D24CDD46700BF9CBD /* UseObservedObjectWithParameter.app */ = {isa = PBXFileReference; explicitFileType = wrapper.application; includeInIndex = 0; path = UseObservedObjectWithParameter.app; sourceTree = BUILT_PRODUCTS_DIR; };
		17D62F0F24CDD46700BF9CBD /* Info.plist */ = {isa = PBXFileReference; lastKnownFileType = text.plist.xml; path = Info.plist; sourceTree = "<group>"; };
		17D62F1024CDD46700BF9CBD /* macOS.entitlements */ = {isa = PBXFileReference; lastKnownFileType = text.plist.entitlements; path = macOS.entitlements; sourceTree = "<group>"; };
		17D62F1F24CDD48500BF9CBD /* InnerObject.swift */ = {isa = PBXFileReference; fileEncoding = 4; lastKnownFileType = sourcecode.swift; name = InnerObject.swift; path = ../../Shared/InnerObject.swift; sourceTree = "<group>"; };
		17D62F2024CDD48500BF9CBD /* FooManager.swift */ = {isa = PBXFileReference; fileEncoding = 4; lastKnownFileType = sourcecode.swift; name = FooManager.swift; path = ../../Shared/FooManager.swift; sourceTree = "<group>"; };
/* End PBXFileReference section */

/* Begin PBXFrameworksBuildPhase section */
		17D62F0224CDD46700BF9CBD /* Frameworks */ = {
			isa = PBXFrameworksBuildPhase;
			buildActionMask = 2147483647;
			files = (
			);
			runOnlyForDeploymentPostprocessing = 0;
		};
		17D62F0A24CDD46700BF9CBD /* Frameworks */ = {
			isa = PBXFrameworksBuildPhase;
			buildActionMask = 2147483647;
			files = (
			);
			runOnlyForDeploymentPostprocessing = 0;
		};
/* End PBXFrameworksBuildPhase section */

/* Begin PBXGroup section */
		17D62EF824CDD46600BF9CBD = {
			isa = PBXGroup;
			children = (
				17D62EFD24CDD46600BF9CBD /* Shared */,
				17D62F0724CDD46700BF9CBD /* iOS */,
				17D62F0E24CDD46700BF9CBD /* macOS */,
				17D62F0624CDD46700BF9CBD /* Products */,
			);
			sourceTree = "<group>";
		};
		17D62EFD24CDD46600BF9CBD /* Shared */ = {
			isa = PBXGroup;
			children = (
				17D62F2024CDD48500BF9CBD /* FooManager.swift */,
				17D62F1F24CDD48500BF9CBD /* InnerObject.swift */,
				17D62EFE24CDD46600BF9CBD /* UseObservedObjectWithParameterApp.swift */,
				17D62EFF24CDD46600BF9CBD /* ContentView.swift */,
				17D62F0024CDD46700BF9CBD /* Assets.xcassets */,
			);
			path = Shared;
			sourceTree = "<group>";
		};
		17D62F0624CDD46700BF9CBD /* Products */ = {
			isa = PBXGroup;
			children = (
				17D62F0524CDD46700BF9CBD /* UseObservedObjectWithParameter.app */,
				17D62F0D24CDD46700BF9CBD /* UseObservedObjectWithParameter.app */,
			);
			name = Products;
			sourceTree = "<group>";
		};
		17D62F0724CDD46700BF9CBD /* iOS */ = {
			isa = PBXGroup;
			children = (
				17D62F0824CDD46700BF9CBD /* Info.plist */,
			);
			path = iOS;
			sourceTree = "<group>";
		};
		17D62F0E24CDD46700BF9CBD /* macOS */ = {
			isa = PBXGroup;
			children = (
				17D62F0F24CDD46700BF9CBD /* Info.plist */,
				17D62F1024CDD46700BF9CBD /* macOS.entitlements */,
			);
			path = macOS;
			sourceTree = "<group>";
		};
/* End PBXGroup section */

/* Begin PBXNativeTarget section */
		17D62F0424CDD46700BF9CBD /* UseObservedObjectWithParameter (iOS) */ = {
			isa = PBXNativeTarget;
			buildConfigurationList = 17D62F1924CDD46700BF9CBD /* Build configuration list for PBXNativeTarget "UseObservedObjectWithParameter (iOS)" */;
			buildPhases = (
				17D62F0124CDD46700BF9CBD /* Sources */,
				17D62F0224CDD46700BF9CBD /* Frameworks */,
				17D62F0324CDD46700BF9CBD /* Resources */,
			);
			buildRules = (
			);
			dependencies = (
			);
			name = "UseObservedObjectWithParameter (iOS)";
			productName = "UseObservedObjectWithParameter (iOS)";
			productReference = 17D62F0524CDD46700BF9CBD /* UseObservedObjectWithParameter.app */;
			productType = "com.apple.product-type.application";
		};
		17D62F0C24CDD46700BF9CBD /* UseObservedObjectWithParameter (macOS) */ = {
			isa = PBXNativeTarget;
			buildConfigurationList = 17D62F1C24CDD46700BF9CBD /* Build configuration list for PBXNativeTarget "UseObservedObjectWithParameter (macOS)" */;
			buildPhases = (
				17D62F0924CDD46700BF9CBD /* Sources */,
				17D62F0A24CDD46700BF9CBD /* Frameworks */,
				17D62F0B24CDD46700BF9CBD /* Resources */,
			);
			buildRules = (
			);
			dependencies = (
			);
			name = "UseObservedObjectWithParameter (macOS)";
			productName = "UseObservedObjectWithParameter (macOS)";
			productReference = 17D62F0D24CDD46700BF9CBD /* UseObservedObjectWithParameter.app */;
			productType = "com.apple.product-type.application";
		};
/* End PBXNativeTarget section */

/* Begin PBXProject section */
		17D62EF924CDD46600BF9CBD /* Project object */ = {
			isa = PBXProject;
			attributes = {
				LastSwiftUpdateCheck = 1200;
				LastUpgradeCheck = 1200;
				TargetAttributes = {
					17D62F0424CDD46700BF9CBD = {
						CreatedOnToolsVersion = 12.0;
					};
					17D62F0C24CDD46700BF9CBD = {
						CreatedOnToolsVersion = 12.0;
					};
				};
			};
			buildConfigurationList = 17D62EFC24CDD46600BF9CBD /* Build configuration list for PBXProject "UseObservedObjectWithParameter" */;
			compatibilityVersion = "Xcode 9.3";
			developmentRegion = en;
			hasScannedForEncodings = 0;
			knownRegions = (
				en,
				Base,
			);
			mainGroup = 17D62EF824CDD46600BF9CBD;
			productRefGroup = 17D62F0624CDD46700BF9CBD /* Products */;
			projectDirPath = "";
			projectRoot = "";
			targets = (
				17D62F0424CDD46700BF9CBD /* UseObservedObjectWithParameter (iOS) */,
				17D62F0C24CDD46700BF9CBD /* UseObservedObjectWithParameter (macOS) */,
			);
		};
/* End PBXProject section */

/* Begin PBXResourcesBuildPhase section */
		17D62F0324CDD46700BF9CBD /* Resources */ = {
			isa = PBXResourcesBuildPhase;
			buildActionMask = 2147483647;
			files = (
				17D62F1524CDD46700BF9CBD /* Assets.xcassets in Resources */,
			);
			runOnlyForDeploymentPostprocessing = 0;
		};
		17D62F0B24CDD46700BF9CBD /* Resources */ = {
			isa = PBXResourcesBuildPhase;
			buildActionMask = 2147483647;
			files = (
				17D62F1624CDD46700BF9CBD /* Assets.xcassets in Resources */,
			);
			runOnlyForDeploymentPostprocessing = 0;
		};
/* End PBXResourcesBuildPhase section */

/* Begin PBXSourcesBuildPhase section */
		17D62F0124CDD46700BF9CBD /* Sources */ = {
			isa = PBXSourcesBuildPhase;
			buildActionMask = 2147483647;
			files = (
				17D62F2124CDD48500BF9CBD /* InnerObject.swift in Sources */,
				17D62F1324CDD46700BF9CBD /* ContentView.swift in Sources */,
				17D62F2324CDD48500BF9CBD /* FooManager.swift in Sources */,
				17D62F1124CDD46700BF9CBD /* UseObservedObjectWithParameterApp.swift in Sources */,
			);
			runOnlyForDeploymentPostprocessing = 0;
		};
		17D62F0924CDD46700BF9CBD /* Sources */ = {
			isa = PBXSourcesBuildPhase;
			buildActionMask = 2147483647;
			files = (
				17D62F2224CDD48500BF9CBD /* InnerObject.swift in Sources */,
				17D62F1424CDD46700BF9CBD /* ContentView.swift in Sources */,
				17D62F2424CDD48500BF9CBD /* FooManager.swift in Sources */,
				17D62F1224CDD46700BF9CBD /* UseObservedObjectWithParameterApp.swift in Sources */,
			);
			runOnlyForDeploymentPostprocessing = 0;
		};
/* End PBXSourcesBuildPhase section */

/* Begin XCBuildConfiguration section */
		17D62F1724CDD46700BF9CBD /* Debug */ = {
			isa = XCBuildConfiguration;
			buildSettings = {
				ALWAYS_SEARCH_USER_PATHS = NO;
				CLANG_ANALYZER_NONNULL = YES;
				CLANG_ANALYZER_NUMBER_OBJECT_CONVERSION = YES_AGGRESSIVE;
				CLANG_CXX_LANGUAGE_STANDARD = "gnu++14";
				CLANG_CXX_LIBRARY = "libc++";
				CLANG_ENABLE_MODULES = YES;
				CLANG_ENABLE_OBJC_ARC = YES;
				CLANG_ENABLE_OBJC_WEAK = YES;
				CLANG_WARN_BLOCK_CAPTURE_AUTORELEASING = YES;
				CLANG_WARN_BOOL_CONVERSION = YES;
				CLANG_WARN_COMMA = YES;
				CLANG_WARN_CONSTANT_CONVERSION = YES;
				CLANG_WARN_DEPRECATED_OBJC_IMPLEMENTATIONS = YES;
				CLANG_WARN_DIRECT_OBJC_ISA_USAGE = YES_ERROR;
				CLANG_WARN_DOCUMENTATION_COMMENTS = YES;
				CLANG_WARN_EMPTY_BODY = YES;
				CLANG_WARN_ENUM_CONVERSION = YES;
				CLANG_WARN_INFINITE_RECURSION = YES;
				CLANG_WARN_INT_CONVERSION = YES;
				CLANG_WARN_NON_LITERAL_NULL_CONVERSION = YES;
				CLANG_WARN_OBJC_IMPLICIT_RETAIN_SELF = YES;
				CLANG_WARN_OBJC_LITERAL_CONVERSION = YES;
				CLANG_WARN_OBJC_ROOT_CLASS = YES_ERROR;
				CLANG_WARN_QUOTED_INCLUDE_IN_FRAMEWORK_HEADER = YES;
				CLANG_WARN_RANGE_LOOP_ANALYSIS = YES;
				CLANG_WARN_STRICT_PROTOTYPES = YES;
				CLANG_WARN_SUSPICIOUS_MOVE = YES;
				CLANG_WARN_UNGUARDED_AVAILABILITY = YES_AGGRESSIVE;
				CLANG_WARN_UNREACHABLE_CODE = YES;
				CLANG_WARN__DUPLICATE_METHOD_MATCH = YES;
				COPY_PHASE_STRIP = NO;
				DEBUG_INFORMATION_FORMAT = dwarf;
				ENABLE_STRICT_OBJC_MSGSEND = YES;
				ENABLE_TESTABILITY = YES;
				GCC_C_LANGUAGE_STANDARD = gnu11;
				GCC_DYNAMIC_NO_PIC = NO;
				GCC_NO_COMMON_BLOCKS = YES;
				GCC_OPTIMIZATION_LEVEL = 0;
				GCC_PREPROCESSOR_DEFINITIONS = (
					"DEBUG=1",
					"$(inherited)",
				);
				GCC_WARN_64_TO_32_BIT_CONVERSION = YES;
				GCC_WARN_ABOUT_RETURN_TYPE = YES_ERROR;
				GCC_WARN_UNDECLARED_SELECTOR = YES;
				GCC_WARN_UNINITIALIZED_AUTOS = YES_AGGRESSIVE;
				GCC_WARN_UNUSED_FUNCTION = YES;
				GCC_WARN_UNUSED_VARIABLE = YES;
				MTL_ENABLE_DEBUG_INFO = INCLUDE_SOURCE;
				MTL_FAST_MATH = YES;
				ONLY_ACTIVE_ARCH = YES;
				SWIFT_ACTIVE_COMPILATION_CONDITIONS = DEBUG;
				SWIFT_OPTIMIZATION_LEVEL = "-Onone";
			};
			name = Debug;
		};
		17D62F1824CDD46700BF9CBD /* Release */ = {
			isa = XCBuildConfiguration;
			buildSettings = {
				ALWAYS_SEARCH_USER_PATHS = NO;
				CLANG_ANALYZER_NONNULL = YES;
				CLANG_ANALYZER_NUMBER_OBJECT_CONVERSION = YES_AGGRESSIVE;
				CLANG_CXX_LANGUAGE_STANDARD = "gnu++14";
				CLANG_CXX_LIBRARY = "libc++";
				CLANG_ENABLE_MODULES = YES;
				CLANG_ENABLE_OBJC_ARC = YES;
				CLANG_ENABLE_OBJC_WEAK = YES;
				CLANG_WARN_BLOCK_CAPTURE_AUTORELEASING = YES;
				CLANG_WARN_BOOL_CONVERSION = YES;
				CLANG_WARN_COMMA = YES;
				CLANG_WARN_CONSTANT_CONVERSION = YES;
				CLANG_WARN_DEPRECATED_OBJC_IMPLEMENTATIONS = YES;
				CLANG_WARN_DIRECT_OBJC_ISA_USAGE = YES_ERROR;
				CLANG_WARN_DOCUMENTATION_COMMENTS = YES;
				CLANG_WARN_EMPTY_BODY = YES;
				CLANG_WARN_ENUM_CONVERSION = YES;
				CLANG_WARN_INFINITE_RECURSION = YES;
				CLANG_WARN_INT_CONVERSION = YES;
				CLANG_WARN_NON_LITERAL_NULL_CONVERSION = YES;
				CLANG_WARN_OBJC_IMPLICIT_RETAIN_SELF = YES;
				CLANG_WARN_OBJC_LITERAL_CONVERSION = YES;
				CLANG_WARN_OBJC_ROOT_CLASS = YES_ERROR;
				CLANG_WARN_QUOTED_INCLUDE_IN_FRAMEWORK_HEADER = YES;
				CLANG_WARN_RANGE_LOOP_ANALYSIS = YES;
				CLANG_WARN_STRICT_PROTOTYPES = YES;
				CLANG_WARN_SUSPICIOUS_MOVE = YES;
				CLANG_WARN_UNGUARDED_AVAILABILITY = YES_AGGRESSIVE;
				CLANG_WARN_UNREACHABLE_CODE = YES;
				CLANG_WARN__DUPLICATE_METHOD_MATCH = YES;
				COPY_PHASE_STRIP = NO;
				DEBUG_INFORMATION_FORMAT = "dwarf-with-dsym";
				ENABLE_NS_ASSERTIONS = NO;
				ENABLE_STRICT_OBJC_MSGSEND = YES;
				GCC_C_LANGUAGE_STANDARD = gnu11;
				GCC_NO_COMMON_BLOCKS = YES;
				GCC_WARN_64_TO_32_BIT_CONVERSION = YES;
				GCC_WARN_ABOUT_RETURN_TYPE = YES_ERROR;
				GCC_WARN_UNDECLARED_SELECTOR = YES;
				GCC_WARN_UNINITIALIZED_AUTOS = YES_AGGRESSIVE;
				GCC_WARN_UNUSED_FUNCTION = YES;
				GCC_WARN_UNUSED_VARIABLE = YES;
				MTL_ENABLE_DEBUG_INFO = NO;
				MTL_FAST_MATH = YES;
				SWIFT_COMPILATION_MODE = wholemodule;
				SWIFT_OPTIMIZATION_LEVEL = "-O";
			};
			name = Release;
		};
		17D62F1A24CDD46700BF9CBD /* Debug */ = {
			isa = XCBuildConfiguration;
			buildSettings = {
				ASSETCATALOG_COMPILER_APPICON_NAME = AppIcon;
				ASSETCATALOG_COMPILER_GLOBAL_ACCENT_COLOR_NAME = AccentColor;
				CODE_SIGN_STYLE = Automatic;
				DEVELOPMENT_TEAM = 74F8874BW5;
				ENABLE_PREVIEWS = YES;
				INFOPLIST_FILE = iOS/Info.plist;
				IPHONEOS_DEPLOYMENT_TARGET = 14.0;
				LD_RUNPATH_SEARCH_PATHS = (
					"$(inherited)",
					"@executable_path/Frameworks",
				);
				PRODUCT_BUNDLE_IDENTIFIER = com.irimasu.UseObservedObjectWithParameter;
				PRODUCT_NAME = UseObservedObjectWithParameter;
				SDKROOT = iphoneos;
				SWIFT_VERSION = 5.0;
				TARGETED_DEVICE_FAMILY = "1,2";
			};
			name = Debug;
		};
		17D62F1B24CDD46700BF9CBD /* Release */ = {
			isa = XCBuildConfiguration;
			buildSettings = {
				ASSETCATALOG_COMPILER_APPICON_NAME = AppIcon;
				ASSETCATALOG_COMPILER_GLOBAL_ACCENT_COLOR_NAME = AccentColor;
				CODE_SIGN_STYLE = Automatic;
				DEVELOPMENT_TEAM = 74F8874BW5;
				ENABLE_PREVIEWS = YES;
				INFOPLIST_FILE = iOS/Info.plist;
				IPHONEOS_DEPLOYMENT_TARGET = 14.0;
				LD_RUNPATH_SEARCH_PATHS = (
					"$(inherited)",
					"@executable_path/Frameworks",
				);
				PRODUCT_BUNDLE_IDENTIFIER = com.irimasu.UseObservedObjectWithParameter;
				PRODUCT_NAME = UseObservedObjectWithParameter;
				SDKROOT = iphoneos;
				SWIFT_VERSION = 5.0;
				TARGETED_DEVICE_FAMILY = "1,2";
				VALIDATE_PRODUCT = YES;
			};
			name = Release;
		};
		17D62F1D24CDD46700BF9CBD /* Debug */ = {
			isa = XCBuildConfiguration;
			buildSettings = {
				ASSETCATALOG_COMPILER_APPICON_NAME = AppIcon;
				ASSETCATALOG_COMPILER_GLOBAL_ACCENT_COLOR_NAME = AccentColor;
				CODE_SIGN_ENTITLEMENTS = macOS/macOS.entitlements;
				CODE_SIGN_STYLE = Automatic;
				COMBINE_HIDPI_IMAGES = YES;
				DEVELOPMENT_TEAM = 74F8874BW5;
				ENABLE_HARDENED_RUNTIME = YES;
				ENABLE_PREVIEWS = YES;
				INFOPLIST_FILE = macOS/Info.plist;
				LD_RUNPATH_SEARCH_PATHS = (
					"$(inherited)",
					"@executable_path/../Frameworks",
				);
				MACOSX_DEPLOYMENT_TARGET = 11.0;
				PRODUCT_BUNDLE_IDENTIFIER = com.irimasu.UseObservedObjectWithParameter;
				PRODUCT_NAME = UseObservedObjectWithParameter;
				SDKROOT = macosx;
				SWIFT_VERSION = 5.0;
			};
			name = Debug;
		};
		17D62F1E24CDD46700BF9CBD /* Release */ = {
			isa = XCBuildConfiguration;
			buildSettings = {
				ASSETCATALOG_COMPILER_APPICON_NAME = AppIcon;
				ASSETCATALOG_COMPILER_GLOBAL_ACCENT_COLOR_NAME = AccentColor;
				CODE_SIGN_ENTITLEMENTS = macOS/macOS.entitlements;
				CODE_SIGN_STYLE = Automatic;
				COMBINE_HIDPI_IMAGES = YES;
				DEVELOPMENT_TEAM = 74F8874BW5;
				ENABLE_HARDENED_RUNTIME = YES;
				ENABLE_PREVIEWS = YES;
				INFOPLIST_FILE = macOS/Info.plist;
				LD_RUNPATH_SEARCH_PATHS = (
					"$(inherited)",
					"@executable_path/../Frameworks",
				);
				MACOSX_DEPLOYMENT_TARGET = 11.0;
				PRODUCT_BUNDLE_IDENTIFIER = com.irimasu.UseObservedObjectWithParameter;
				PRODUCT_NAME = UseObservedObjectWithParameter;
				SDKROOT = macosx;
				SWIFT_VERSION = 5.0;
			};
			name = Release;
		};
/* End XCBuildConfiguration section */

/* Begin XCConfigurationList section */
		17D62EFC24CDD46600BF9CBD /* Build configuration list for PBXProject "UseObservedObjectWithParameter" */ = {
			isa = XCConfigurationList;
			buildConfigurations = (
				17D62F1724CDD46700BF9CBD /* Debug */,
				17D62F1824CDD46700BF9CBD /* Release */,
			);
			defaultConfigurationIsVisible = 0;
			defaultConfigurationName = Release;
		};
		17D62F1924CDD46700BF9CBD /* Build configuration list for PBXNativeTarget "UseObservedObjectWithParameter (iOS)" */ = {
			isa = XCConfigurationList;
			buildConfigurations = (
				17D62F1A24CDD46700BF9CBD /* Debug */,
				17D62F1B24CDD46700BF9CBD /* Release */,
			);
			defaultConfigurationIsVisible = 0;
			defaultConfigurationName = Release;
		};
		17D62F1C24CDD46700BF9CBD /* Build configuration list for PBXNativeTarget "UseObservedObjectWithParameter (macOS)" */ = {
			isa = XCConfigurationList;
			buildConfigurations = (
				17D62F1D24CDD46700BF9CBD /* Debug */,
				17D62F1E24CDD46700BF9CBD /* Release */,
			);
			defaultConfigurationIsVisible = 0;
			defaultConfigurationName = Release;
		};
/* End XCConfigurationList section */
	};
	rootObject = 17D62EF924CDD46600BF9CBD /* Project object */;
}
